
Microsoft Visual Studio Solution File, Format Version 12.00
# Visual Studio Version 16
VisualStudioVersion = 16.0.31005.135
MinimumVisualStudioVersion = 10.0.40219.1
Project("{FAE04EC0-301F-11D3-BF4B-00C04F79EFBC}") = "KP_lab", "Lab1\KP_lab.csproj", "{484926C3-A2AD-499E-B635-7A1EAEF3EA51}"
EndProject
Project("{2150E333-8FDC-42A3-9474-1A3956D46DE8}") = "Новая папка", "Новая папка", "{E65A9FF3-58A9-43DE-97F6-86ADD7EB8317}"
EndProject
Global
	GlobalSection(SolutionConfigurationPlatforms) = preSolution
		Debug|Any CPU = Debug|Any CPU
		Release|Any CPU = Release|Any CPU
	EndGlobalSection
	GlobalSection(ProjectConfigurationPlatforms) = postSolution
		{484926C3-A2AD-499E-B635-7A1EAEF3EA51}.Debug|Any CPU.ActiveCfg = Debug|Any CPU
		{484926C3-A2AD-499E-B635-7A1EAEF3EA51}.Debug|Any CPU.Build.0 = Debug|Any CPU
		{484926C3-A2AD-499E-B635-7A1EAEF3EA51}.Release|Any CPU.ActiveCfg = Release|Any CPU
		{484926C3-A2AD-499E-B635-7A1EAEF3EA51}.Release|Any CPU.Build.0 = Release|Any CPU
	EndGlobalSection
	GlobalSection(SolutionProperties) = preSolution
		HideSolutionNode = FALSE
	EndGlobalSection
	GlobalSection(ExtensibilityGlobals) = postSolution
		SolutionGuid = {6AE3EBD2-9DD1-44BF-807B-15C25DFF755B}
	EndGlobalSection
EndGlobal
