
Microsoft Visual Studio Solution File, Format Version 12.00
# Visual Studio Version 16
VisualStudioVersion = 25.0.1703.8
MinimumVisualStudioVersion = 10.0.40219.1
Project("{FAE04EC0-301F-11D3-BF4B-00C04F79EFBC}") = "KP_lab", "KP_lab.csproj", "{484926C3-A2AD-499E-B635-7A1EAEF3EA51}"
EndProject
Global
	GlobalSection(SolutionConfigurationPlatforms) = preSolution
		Debug|Any CPU = Debug|Any CPU
		Release|Any CPU = Release|Any CPU
	EndGlobalSection
	GlobalSection(ProjectConfigurationPlatforms) = postSolution
		{484926C3-A2AD-499E-B635-7A1EAEF3EA51}.Debug|Any CPU.ActiveCfg = Debug|Any CPU
		{484926C3-A2AD-499E-B635-7A1EAEF3EA51}.Debug|Any CPU.Build.0 = Debug|Any CPU
		{484926C3-A2AD-499E-B635-7A1EAEF3EA51}.Release|Any CPU.ActiveCfg = Release|Any CPU
		{484926C3-A2AD-499E-B635-7A1EAEF3EA51}.Release|Any CPU.Build.0 = Release|Any CPU
	EndGlobalSection
	GlobalSection(SolutionProperties) = preSolution
		HideSolutionNode = FALSE
	EndGlobalSection
	GlobalSection(ExtensibilityGlobals) = postSolution
		SolutionGuid = {4712E14B-002D-4262-BAED-95E76351B7F5}
	EndGlobalSection
EndGlobal
